
Microsoft Visual Studio Solution File, Format Version 12.00
# Visual Studio 14
VisualStudioVersion = 14.0.25420.1
MinimumVisualStudioVersion = 10.0.40219.1
Project("{FAE04EC0-301F-11D3-BF4B-00C04F79EFBC}") = "ProyectoZenky", "ProyectoZenky\ProyectoZenky.csproj", "{AECCCDF5-374B-4865-8AC3-ABCB8438B85F}"
EndProject
Project("{FAE04EC0-301F-11D3-BF4B-00C04F79EFBC}") = "BLL", "BLL\BLL.csproj", "{A3A60212-9FB4-4F1A-9678-18A32E476F39}"
EndProject
Project("{FAE04EC0-301F-11D3-BF4B-00C04F79EFBC}") = "Entity", "Entity\Entity.csproj", "{E69874C1-A6F8-4889-BA3D-3AB4F3F98A09}"
EndProject
Project("{FAE04EC0-301F-11D3-BF4B-00C04F79EFBC}") = "DAL", "DAL\DAL.csproj", "{BBB157EE-15A7-494C-ACD5-4EAA396DB851}"
EndProject
Project("{6141683F-8A12-4E36-9623-2EB02B2C2303}") = "Setup3", "Setup3\Setup3.isproj", "{90B2D15D-9015-4FE2-9E0F-81E2847FE549}"
	ProjectSection(ProjectDependencies) = postProject
		{AECCCDF5-374B-4865-8AC3-ABCB8438B85F} = {AECCCDF5-374B-4865-8AC3-ABCB8438B85F}
	EndProjectSection
EndProject
Global
	GlobalSection(SolutionConfigurationPlatforms) = preSolution
		CD_ROM|Any CPU = CD_ROM|Any CPU
		Debug|Any CPU = Debug|Any CPU
		DVD-5|Any CPU = DVD-5|Any CPU
		Release|Any CPU = Release|Any CPU
		SingleImage|Any CPU = SingleImage|Any CPU
	EndGlobalSection
	GlobalSection(ProjectConfigurationPlatforms) = postSolution
		{AECCCDF5-374B-4865-8AC3-ABCB8438B85F}.CD_ROM|Any CPU.ActiveCfg = Release|Any CPU
		{AECCCDF5-374B-4865-8AC3-ABCB8438B85F}.CD_ROM|Any CPU.Build.0 = Release|Any CPU
		{AECCCDF5-374B-4865-8AC3-ABCB8438B85F}.Debug|Any CPU.ActiveCfg = Debug|Any CPU
		{AECCCDF5-374B-4865-8AC3-ABCB8438B85F}.Debug|Any CPU.Build.0 = Debug|Any CPU
		{AECCCDF5-374B-4865-8AC3-ABCB8438B85F}.DVD-5|Any CPU.ActiveCfg = Debug|Any CPU
		{AECCCDF5-374B-4865-8AC3-ABCB8438B85F}.DVD-5|Any CPU.Build.0 = Debug|Any CPU
		{AECCCDF5-374B-4865-8AC3-ABCB8438B85F}.Release|Any CPU.ActiveCfg = Release|Any CPU
		{AECCCDF5-374B-4865-8AC3-ABCB8438B85F}.Release|Any CPU.Build.0 = Release|Any CPU
		{AECCCDF5-374B-4865-8AC3-ABCB8438B85F}.SingleImage|Any CPU.ActiveCfg = Release|Any CPU
		{AECCCDF5-374B-4865-8AC3-ABCB8438B85F}.SingleImage|Any CPU.Build.0 = Release|Any CPU
		{A3A60212-9FB4-4F1A-9678-18A32E476F39}.CD_ROM|Any CPU.ActiveCfg = Release|Any CPU
		{A3A60212-9FB4-4F1A-9678-18A32E476F39}.CD_ROM|Any CPU.Build.0 = Release|Any CPU
		{A3A60212-9FB4-4F1A-9678-18A32E476F39}.Debug|Any CPU.ActiveCfg = Debug|Any CPU
		{A3A60212-9FB4-4F1A-9678-18A32E476F39}.Debug|Any CPU.Build.0 = Debug|Any CPU
		{A3A60212-9FB4-4F1A-9678-18A32E476F39}.DVD-5|Any CPU.ActiveCfg = Debug|Any CPU
		{A3A60212-9FB4-4F1A-9678-18A32E476F39}.DVD-5|Any CPU.Build.0 = Debug|Any CPU
		{A3A60212-9FB4-4F1A-9678-18A32E476F39}.Release|Any CPU.ActiveCfg = Release|Any CPU
		{A3A60212-9FB4-4F1A-9678-18A32E476F39}.Release|Any CPU.Build.0 = Release|Any CPU
		{A3A60212-9FB4-4F1A-9678-18A32E476F39}.SingleImage|Any CPU.ActiveCfg = Release|Any CPU
		{A3A60212-9FB4-4F1A-9678-18A32E476F39}.SingleImage|Any CPU.Build.0 = Release|Any CPU
		{E69874C1-A6F8-4889-BA3D-3AB4F3F98A09}.CD_ROM|Any CPU.ActiveCfg = Release|Any CPU
		{E69874C1-A6F8-4889-BA3D-3AB4F3F98A09}.CD_ROM|Any CPU.Build.0 = Release|Any CPU
		{E69874C1-A6F8-4889-BA3D-3AB4F3F98A09}.Debug|Any CPU.ActiveCfg = Debug|Any CPU
		{E69874C1-A6F8-4889-BA3D-3AB4F3F98A09}.Debug|Any CPU.Build.0 = Debug|Any CPU
		{E69874C1-A6F8-4889-BA3D-3AB4F3F98A09}.DVD-5|Any CPU.ActiveCfg = Debug|Any CPU
		{E69874C1-A6F8-4889-BA3D-3AB4F3F98A09}.DVD-5|Any CPU.Build.0 = Debug|Any CPU
		{E69874C1-A6F8-4889-BA3D-3AB4F3F98A09}.Release|Any CPU.ActiveCfg = Release|Any CPU
		{E69874C1-A6F8-4889-BA3D-3AB4F3F98A09}.Release|Any CPU.Build.0 = Release|Any CPU
		{E69874C1-A6F8-4889-BA3D-3AB4F3F98A09}.SingleImage|Any CPU.ActiveCfg = Release|Any CPU
		{E69874C1-A6F8-4889-BA3D-3AB4F3F98A09}.SingleImage|Any CPU.Build.0 = Release|Any CPU
		{BBB157EE-15A7-494C-ACD5-4EAA396DB851}.CD_ROM|Any CPU.ActiveCfg = Release|Any CPU
		{BBB157EE-15A7-494C-ACD5-4EAA396DB851}.CD_ROM|Any CPU.Build.0 = Release|Any CPU
		{BBB157EE-15A7-494C-ACD5-4EAA396DB851}.Debug|Any CPU.ActiveCfg = Debug|Any CPU
		{BBB157EE-15A7-494C-ACD5-4EAA396DB851}.Debug|Any CPU.Build.0 = Debug|Any CPU
		{BBB157EE-15A7-494C-ACD5-4EAA396DB851}.DVD-5|Any CPU.ActiveCfg = Debug|Any CPU
		{BBB157EE-15A7-494C-ACD5-4EAA396DB851}.DVD-5|Any CPU.Build.0 = Debug|Any CPU
		{BBB157EE-15A7-494C-ACD5-4EAA396DB851}.Release|Any CPU.ActiveCfg = Release|Any CPU
		{BBB157EE-15A7-494C-ACD5-4EAA396DB851}.Release|Any CPU.Build.0 = Release|Any CPU
		{BBB157EE-15A7-494C-ACD5-4EAA396DB851}.SingleImage|Any CPU.ActiveCfg = Release|Any CPU
		{BBB157EE-15A7-494C-ACD5-4EAA396DB851}.SingleImage|Any CPU.Build.0 = Release|Any CPU
		{90B2D15D-9015-4FE2-9E0F-81E2847FE549}.CD_ROM|Any CPU.ActiveCfg = CD_ROM
		{90B2D15D-9015-4FE2-9E0F-81E2847FE549}.CD_ROM|Any CPU.Build.0 = CD_ROM
		{90B2D15D-9015-4FE2-9E0F-81E2847FE549}.Debug|Any CPU.ActiveCfg = DVD-5
		{90B2D15D-9015-4FE2-9E0F-81E2847FE549}.Debug|Any CPU.Build.0 = DVD-5
		{90B2D15D-9015-4FE2-9E0F-81E2847FE549}.DVD-5|Any CPU.ActiveCfg = DVD-5
		{90B2D15D-9015-4FE2-9E0F-81E2847FE549}.DVD-5|Any CPU.Build.0 = DVD-5
		{90B2D15D-9015-4FE2-9E0F-81E2847FE549}.Release|Any CPU.ActiveCfg = SingleImage
		{90B2D15D-9015-4FE2-9E0F-81E2847FE549}.Release|Any CPU.Build.0 = SingleImage
		{90B2D15D-9015-4FE2-9E0F-81E2847FE549}.SingleImage|Any CPU.ActiveCfg = SingleImage
		{90B2D15D-9015-4FE2-9E0F-81E2847FE549}.SingleImage|Any CPU.Build.0 = SingleImage
	EndGlobalSection
	GlobalSection(SolutionProperties) = preSolution
		HideSolutionNode = FALSE
	EndGlobalSection
EndGlobal
